// !$*UTF8*$!
{
	archiveVersion = 1;
	classes = {
	};
	objectVersion = 50;
	objects = {

/* Begin PBXBuildFile section */
		AB8A8F6121591D2F00028870 /* AppDelegate.swift in Sources */ = {isa = PBXBuildFile; fileRef = AB8A8F6021591D2F00028870 /* AppDelegate.swift */; };
		AB8A8F6321591D2F00028870 /* ViewController.swift in Sources */ = {isa = PBXBuildFile; fileRef = AB8A8F6221591D2F00028870 /* ViewController.swift */; };
		AB8A8F6621591D2F00028870 /* Main.storyboard in Resources */ = {isa = PBXBuildFile; fileRef = AB8A8F6421591D2F00028870 /* Main.storyboard */; };
		AB8A8F6821591D3000028870 /* Assets.xcassets in Resources */ = {isa = PBXBuildFile; fileRef = AB8A8F6721591D3000028870 /* Assets.xcassets */; };
		AB8A8F6B21591D3000028870 /* LaunchScreen.storyboard in Resources */ = {isa = PBXBuildFile; fileRef = AB8A8F6921591D3000028870 /* LaunchScreen.storyboard */; };
		AB8A8F7821591D6100028870 /* Arc.swift in Sources */ = {isa = PBXBuildFile; fileRef = AB8A8F7321591D6100028870 /* Arc.swift */; };
		AB8A8F7921591D6100028870 /* LineDash.swift in Sources */ = {isa = PBXBuildFile; fileRef = AB8A8F7421591D6100028870 /* LineDash.swift */; };
		AB8A8F7A21591D6100028870 /* ResultView.swift in Sources */ = {isa = PBXBuildFile; fileRef = AB8A8F7521591D6100028870 /* ResultView.swift */; };
		AB8A8F7B21591D6100028870 /* ResultView.xib in Resources */ = {isa = PBXBuildFile; fileRef = AB8A8F7621591D6100028870 /* ResultView.xib */; };
		AB8A8F7C21591D6100028870 /* Extensions.swift in Sources */ = {isa = PBXBuildFile; fileRef = AB8A8F7721591D6100028870 /* Extensions.swift */; };
/* End PBXBuildFile section */

/* Begin PBXFileReference section */
		AB8A8F5D21591D2F00028870 /* Result Show App.app */ = {isa = PBXFileReference; explicitFileType = wrapper.application; includeInIndex = 0; path = "Result Show App.app"; sourceTree = BUILT_PRODUCTS_DIR; };
		AB8A8F6021591D2F00028870 /* AppDelegate.swift */ = {isa = PBXFileReference; lastKnownFileType = sourcecode.swift; path = AppDelegate.swift; sourceTree = "<group>"; };
		AB8A8F6221591D2F00028870 /* ViewController.swift */ = {isa = PBXFileReference; lastKnownFileType = sourcecode.swift; path = ViewController.swift; sourceTree = "<group>"; };
		AB8A8F6521591D2F00028870 /* Base */ = {isa = PBXFileReference; lastKnownFileType = file.storyboard; name = Base; path = Base.lproj/Main.storyboard; sourceTree = "<group>"; };
		AB8A8F6721591D3000028870 /* Assets.xcassets */ = {isa = PBXFileReference; lastKnownFileType = folder.assetcatalog; path = Assets.xcassets; sourceTree = "<group>"; };
		AB8A8F6A21591D3000028870 /* Base */ = {isa = PBXFileReference; lastKnownFileType = file.storyboard; name = Base; path = Base.lproj/LaunchScreen.storyboard; sourceTree = "<group>"; };
		AB8A8F6C21591D3000028870 /* Info.plist */ = {isa = PBXFileReference; lastKnownFileType = text.plist.xml; path = Info.plist; sourceTree = "<group>"; };
		AB8A8F7321591D6100028870 /* Arc.swift */ = {isa = PBXFileReference; fileEncoding = 4; lastKnownFileType = sourcecode.swift; path = Arc.swift; sourceTree = "<group>"; };
		AB8A8F7421591D6100028870 /* LineDash.swift */ = {isa = PBXFileReference; fileEncoding = 4; lastKnownFileType = sourcecode.swift; path = LineDash.swift; sourceTree = "<group>"; };
		AB8A8F7521591D6100028870 /* ResultView.swift */ = {isa = PBXFileReference; fileEncoding = 4; lastKnownFileType = sourcecode.swift; path = ResultView.swift; sourceTree = "<group>"; };
		AB8A8F7621591D6100028870 /* ResultView.xib */ = {isa = PBXFileReference; fileEncoding = 4; lastKnownFileType = file.xib; path = ResultView.xib; sourceTree = "<group>"; };
		AB8A8F7721591D6100028870 /* Extensions.swift */ = {isa = PBXFileReference; fileEncoding = 4; lastKnownFileType = sourcecode.swift; path = Extensions.swift; sourceTree = "<group>"; };
/* End PBXFileReference section */

/* Begin PBXFrameworksBuildPhase section */
		AB8A8F5A21591D2F00028870 /* Frameworks */ = {
			isa = PBXFrameworksBuildPhase;
			buildActionMask = 2147483647;
			files = (
			);
			runOnlyForDeploymentPostprocessing = 0;
		};
/* End PBXFrameworksBuildPhase section */

/* Begin PBXGroup section */
		AB8A8F5421591D2F00028870 = {
			isa = PBXGroup;
			children = (
				AB8A8F5F21591D2F00028870 /* Result Show App */,
				AB8A8F5E21591D2F00028870 /* Products */,
			);
			sourceTree = "<group>";
		};
		AB8A8F5E21591D2F00028870 /* Products */ = {
			isa = PBXGroup;
			children = (
				AB8A8F5D21591D2F00028870 /* Result Show App.app */,
			);
			name = Products;
			sourceTree = "<group>";
		};
		AB8A8F5F21591D2F00028870 /* Result Show App */ = {
			isa = PBXGroup;
			children = (
				AB8A8F7221591D6100028870 /* Result View */,
				AB8A8F6021591D2F00028870 /* AppDelegate.swift */,
				AB8A8F6221591D2F00028870 /* ViewController.swift */,
				AB8A8F6421591D2F00028870 /* Main.storyboard */,
				AB8A8F6721591D3000028870 /* Assets.xcassets */,
				AB8A8F6921591D3000028870 /* LaunchScreen.storyboard */,
				AB8A8F6C21591D3000028870 /* Info.plist */,
			);
			path = "Result Show App";
			sourceTree = "<group>";
		};
		AB8A8F7221591D6100028870 /* Result View */ = {
			isa = PBXGroup;
			children = (
				AB8A8F7321591D6100028870 /* Arc.swift */,
				AB8A8F7421591D6100028870 /* LineDash.swift */,
				AB8A8F7521591D6100028870 /* ResultView.swift */,
				AB8A8F7621591D6100028870 /* ResultView.xib */,
				AB8A8F7721591D6100028870 /* Extensions.swift */,
			);
			path = "Result View";
			sourceTree = "<group>";
		};
/* End PBXGroup section */

/* Begin PBXNativeTarget section */
		AB8A8F5C21591D2F00028870 /* Result Show App */ = {
			isa = PBXNativeTarget;
			buildConfigurationList = AB8A8F6F21591D3000028870 /* Build configuration list for PBXNativeTarget "Result Show App" */;
			buildPhases = (
				AB8A8F5921591D2F00028870 /* Sources */,
				AB8A8F5A21591D2F00028870 /* Frameworks */,
				AB8A8F5B21591D2F00028870 /* Resources */,
			);
			buildRules = (
			);
			dependencies = (
			);
			name = "Result Show App";
			productName = "Result Show App";
			productReference = AB8A8F5D21591D2F00028870 /* Result Show App.app */;
			productType = "com.apple.product-type.application";
		};
/* End PBXNativeTarget section */

/* Begin PBXProject section */
		AB8A8F5521591D2F00028870 /* Project object */ = {
			isa = PBXProject;
			attributes = {
				LastSwiftUpdateCheck = 0930;
				LastUpgradeCheck = 0930;
				ORGANIZATIONNAME = "Prateek Sharma";
				TargetAttributes = {
					AB8A8F5C21591D2F00028870 = {
						CreatedOnToolsVersion = 9.3;
					};
				};
			};
			buildConfigurationList = AB8A8F5821591D2F00028870 /* Build configuration list for PBXProject "Result Show App" */;
			compatibilityVersion = "Xcode 9.3";
			developmentRegion = en;
			hasScannedForEncodings = 0;
			knownRegions = (
				en,
				Base,
			);
			mainGroup = AB8A8F5421591D2F00028870;
			productRefGroup = AB8A8F5E21591D2F00028870 /* Products */;
			projectDirPath = "";
			projectRoot = "";
			targets = (
				AB8A8F5C21591D2F00028870 /* Result Show App */,
			);
		};
/* End PBXProject section */

/* Begin PBXResourcesBuildPhase section */
		AB8A8F5B21591D2F00028870 /* Resources */ = {
			isa = PBXResourcesBuildPhase;
			buildActionMask = 2147483647;
			files = (
				AB8A8F6B21591D3000028870 /* LaunchScreen.storyboard in Resources */,
				AB8A8F7B21591D6100028870 /* ResultView.xib in Resources */,
				AB8A8F6821591D3000028870 /* Assets.xcassets in Resources */,
				AB8A8F6621591D2F00028870 /* Main.storyboard in Resources */,
			);
			runOnlyForDeploymentPostprocessing = 0;
		};
/* End PBXResourcesBuildPhase section */

/* Begin PBXSourcesBuildPhase section */
		AB8A8F5921591D2F00028870 /* Sources */ = {
			isa = PBXSourcesBuildPhase;
			buildActionMask = 2147483647;
			files = (
				AB8A8F6321591D2F00028870 /* ViewController.swift in Sources */,
				AB8A8F7921591D6100028870 /* LineDash.swift in Sources */,
				AB8A8F7A21591D6100028870 /* ResultView.swift in Sources */,
				AB8A8F6121591D2F00028870 /* AppDelegate.swift in Sources */,
				AB8A8F7821591D6100028870 /* Arc.swift in Sources */,
				AB8A8F7C21591D6100028870 /* Extensions.swift in Sources */,
			);
			runOnlyForDeploymentPostprocessing = 0;
		};
/* End PBXSourcesBuildPhase section */

/* Begin PBXVariantGroup section */
		AB8A8F6421591D2F00028870 /* Main.storyboard */ = {
			isa = PBXVariantGroup;
			children = (
				AB8A8F6521591D2F00028870 /* Base */,
			);
			name = Main.storyboard;
			sourceTree = "<group>";
		};
		AB8A8F6921591D3000028870 /* LaunchScreen.storyboard */ = {
			isa = PBXVariantGroup;
			children = (
				AB8A8F6A21591D3000028870 /* Base */,
			);
			name = LaunchScreen.storyboard;
			sourceTree = "<group>";
		};
/* End PBXVariantGroup section */

/* Begin XCBuildConfiguration section */
		AB8A8F6D21591D3000028870 /* Debug */ = {
			isa = XCBuildConfiguration;
			buildSettings = {
				ALWAYS_SEARCH_USER_PATHS = NO;
				CLANG_ANALYZER_NONNULL = YES;
				CLANG_ANALYZER_NUMBER_OBJECT_CONVERSION = YES_AGGRESSIVE;
				CLANG_CXX_LANGUAGE_STANDARD = "gnu++14";
				CLANG_CXX_LIBRARY = "libc++";
				CLANG_ENABLE_MODULES = YES;
				CLANG_ENABLE_OBJC_ARC = YES;
				CLANG_ENABLE_OBJC_WEAK = YES;
				CLANG_WARN_BLOCK_CAPTURE_AUTORELEASING = YES;
				CLANG_WARN_BOOL_CONVERSION = YES;
				CLANG_WARN_COMMA = YES;
				CLANG_WARN_CONSTANT_CONVERSION = YES;
				CLANG_WARN_DEPRECATED_OBJC_IMPLEMENTATIONS = YES;
				CLANG_WARN_DIRECT_OBJC_ISA_USAGE = YES_ERROR;
				CLANG_WARN_DOCUMENTATION_COMMENTS = YES;
				CLANG_WARN_EMPTY_BODY = YES;
				CLANG_WARN_ENUM_CONVERSION = YES;
				CLANG_WARN_INFINITE_RECURSION = YES;
				CLANG_WARN_INT_CONVERSION = YES;
				CLANG_WARN_NON_LITERAL_NULL_CONVERSION = YES;
				CLANG_WARN_OBJC_IMPLICIT_RETAIN_SELF = YES;
				CLANG_WARN_OBJC_LITERAL_CONVERSION = YES;
				CLANG_WARN_OBJC_ROOT_CLASS = YES_ERROR;
				CLANG_WARN_RANGE_LOOP_ANALYSIS = YES;
				CLANG_WARN_STRICT_PROTOTYPES = YES;
				CLANG_WARN_SUSPICIOUS_MOVE = YES;
				CLANG_WARN_UNGUARDED_AVAILABILITY = YES_AGGRESSIVE;
				CLANG_WARN_UNREACHABLE_CODE = YES;
				CLANG_WARN__DUPLICATE_METHOD_MATCH = YES;
				CODE_SIGN_IDENTITY = "iPhone Developer";
				COPY_PHASE_STRIP = NO;
				DEBUG_INFORMATION_FORMAT = dwarf;
				ENABLE_STRICT_OBJC_MSGSEND = YES;
				ENABLE_TESTABILITY = YES;
				GCC_C_LANGUAGE_STANDARD = gnu11;
				GCC_DYNAMIC_NO_PIC = NO;
				GCC_NO_COMMON_BLOCKS = YES;
				GCC_OPTIMIZATION_LEVEL = 0;
				GCC_PREPROCESSOR_DEFINITIONS = (
					"DEBUG=1",
					"$(inherited)",
				);
				GCC_WARN_64_TO_32_BIT_CONVERSION = YES;
				GCC_WARN_ABOUT_RETURN_TYPE = YES_ERROR;
				GCC_WARN_UNDECLARED_SELECTOR = YES;
				GCC_WARN_UNINITIALIZED_AUTOS = YES_AGGRESSIVE;
				GCC_WARN_UNUSED_FUNCTION = YES;
				GCC_WARN_UNUSED_VARIABLE = YES;
				IPHONEOS_DEPLOYMENT_TARGET = 11.3;
				MTL_ENABLE_DEBUG_INFO = YES;
				ONLY_ACTIVE_ARCH = YES;
				SDKROOT = iphoneos;
				SWIFT_ACTIVE_COMPILATION_CONDITIONS = DEBUG;
				SWIFT_OPTIMIZATION_LEVEL = "-Onone";
			};
			name = Debug;
		};
		AB8A8F6E21591D3000028870 /* Release */ = {
			isa = XCBuildConfiguration;
			buildSettings = {
				ALWAYS_SEARCH_USER_PATHS = NO;
				CLANG_ANALYZER_NONNULL = YES;
				CLANG_ANALYZER_NUMBER_OBJECT_CONVERSION = YES_AGGRESSIVE;
				CLANG_CXX_LANGUAGE_STANDARD = "gnu++14";
				CLANG_CXX_LIBRARY = "libc++";
				CLANG_ENABLE_MODULES = YES;
				CLANG_ENABLE_OBJC_ARC = YES;
				CLANG_ENABLE_OBJC_WEAK = YES;
				CLANG_WARN_BLOCK_CAPTURE_AUTORELEASING = YES;
				CLANG_WARN_BOOL_CONVERSION = YES;
				CLANG_WARN_COMMA = YES;
				CLANG_WARN_CONSTANT_CONVERSION = YES;
				CLANG_WARN_DEPRECATED_OBJC_IMPLEMENTATIONS = YES;
				CLANG_WARN_DIRECT_OBJC_ISA_USAGE = YES_ERROR;
				CLANG_WARN_DOCUMENTATION_COMMENTS = YES;
				CLANG_WARN_EMPTY_BODY = YES;
				CLANG_WARN_ENUM_CONVERSION = YES;
				CLANG_WARN_INFINITE_RECURSION = YES;
				CLANG_WARN_INT_CONVERSION = YES;
				CLANG_WARN_NON_LITERAL_NULL_CONVERSION = YES;
				CLANG_WARN_OBJC_IMPLICIT_RETAIN_SELF = YES;
				CLANG_WARN_OBJC_LITERAL_CONVERSION = YES;
				CLANG_WARN_OBJC_ROOT_CLASS = YES_ERROR;
				CLANG_WARN_RANGE_LOOP_ANALYSIS = YES;
				CLANG_WARN_STRICT_PROTOTYPES = YES;
				CLANG_WARN_SUSPICIOUS_MOVE = YES;
				CLANG_WARN_UNGUARDED_AVAILABILITY = YES_AGGRESSIVE;
				CLANG_WARN_UNREACHABLE_CODE = YES;
				CLANG_WARN__DUPLICATE_METHOD_MATCH = YES;
				CODE_SIGN_IDENTITY = "iPhone Developer";
				COPY_PHASE_STRIP = NO;
				DEBUG_INFORMATION_FORMAT = "dwarf-with-dsym";
				ENABLE_NS_ASSERTIONS = NO;
				ENABLE_STRICT_OBJC_MSGSEND = YES;
				GCC_C_LANGUAGE_STANDARD = gnu11;
				GCC_NO_COMMON_BLOCKS = YES;
				GCC_WARN_64_TO_32_BIT_CONVERSION = YES;
				GCC_WARN_ABOUT_RETURN_TYPE = YES_ERROR;
				GCC_WARN_UNDECLARED_SELECTOR = YES;
				GCC_WARN_UNINITIALIZED_AUTOS = YES_AGGRESSIVE;
				GCC_WARN_UNUSED_FUNCTION = YES;
				GCC_WARN_UNUSED_VARIABLE = YES;
				IPHONEOS_DEPLOYMENT_TARGET = 11.3;
				MTL_ENABLE_DEBUG_INFO = NO;
				SDKROOT = iphoneos;
				SWIFT_COMPILATION_MODE = wholemodule;
				SWIFT_OPTIMIZATION_LEVEL = "-O";
				VALIDATE_PRODUCT = YES;
			};
			name = Release;
		};
		AB8A8F7021591D3000028870 /* Debug */ = {
			isa = XCBuildConfiguration;
			buildSettings = {
				ASSETCATALOG_COMPILER_APPICON_NAME = AppIcon;
				CODE_SIGN_STYLE = Automatic;
				INFOPLIST_FILE = "Result Show App/Info.plist";
				LD_RUNPATH_SEARCH_PATHS = (
					"$(inherited)",
					"@executable_path/Frameworks",
				);
				PRODUCT_BUNDLE_IDENTIFIER = "com.vinsol.Result-Show-App";
				PRODUCT_NAME = "$(TARGET_NAME)";
				SWIFT_VERSION = 4.0;
				TARGETED_DEVICE_FAMILY = "1,2";
			};
			name = Debug;
		};
		AB8A8F7121591D3000028870 /* Release */ = {
			isa = XCBuildConfiguration;
			buildSettings = {
				ASSETCATALOG_COMPILER_APPICON_NAME = AppIcon;
				CODE_SIGN_STYLE = Automatic;
				INFOPLIST_FILE = "Result Show App/Info.plist";
				LD_RUNPATH_SEARCH_PATHS = (
					"$(inherited)",
					"@executable_path/Frameworks",
				);
				PRODUCT_BUNDLE_IDENTIFIER = "com.vinsol.Result-Show-App";
				PRODUCT_NAME = "$(TARGET_NAME)";
				SWIFT_VERSION = 4.0;
				TARGETED_DEVICE_FAMILY = "1,2";
			};
			name = Release;
		};
/* End XCBuildConfiguration section */

/* Begin XCConfigurationList section */
		AB8A8F5821591D2F00028870 /* Build configuration list for PBXProject "Result Show App" */ = {
			isa = XCConfigurationList;
			buildConfigurations = (
				AB8A8F6D21591D3000028870 /* Debug */,
				AB8A8F6E21591D3000028870 /* Release */,
			);
			defaultConfigurationIsVisible = 0;
			defaultConfigurationName = Release;
		};
		AB8A8F6F21591D3000028870 /* Build configuration list for PBXNativeTarget "Result Show App" */ = {
			isa = XCConfigurationList;
			buildConfigurations = (
				AB8A8F7021591D3000028870 /* Debug */,
				AB8A8F7121591D3000028870 /* Release */,
			);
			defaultConfigurationIsVisible = 0;
			defaultConfigurationName = Release;
		};
/* End XCConfigurationList section */
	};
	rootObject = AB8A8F5521591D2F00028870 /* Project object */;
}
